
Microsoft Visual Studio Solution File, Format Version 12.00
# Visual Studio 15
VisualStudioVersion = 15.0.27004.2002
MinimumVisualStudioVersion = 10.0.40219.1
Project("{F5034706-568F-408A-B7B3-4D38C6DB8A32}") = "Server.Firewall", "Server.Firewall\Server.Firewall.pssproj", "{6CAFC0C6-A428-4D30-A9F9-700E829FEA51}"
EndProject
Project("{F5034706-568F-408A-B7B3-4D38C6DB8A32}") = "AzureRM.Metrics.Alerts", "AzureRM.Metrics.Alerts\AzureRM.Metrics.Alerts.pssproj", "{2DCAD787-C91A-45F0-8E9D-2238C3924A35}"
EndProject
Project("{F5034706-568F-408A-B7B3-4D38C6DB8A32}") = "AzureRM.DataLake.Analytics", "DataLake.Analytics\AzureRM.DataLake.Analytics.pssproj", "{B8A12F14-2BDF-4A34-8ADB-FE8C8559AB37}"
EndProject
Project("{F5034706-568F-408A-B7B3-4D38C6DB8A32}") = "Server.Health.Monitor", "Server.Health.Monitor\Server.Health.Monitor.pssproj", "{C8D0AD1E-8BE0-4D23-8FE8-A9F7FB4A4EBF}"
EndProject
Project("{F5034706-568F-408A-B7B3-4D38C6DB8A32}") = "PowerShell.Generic.Tools", "AzureRM.Generic.Tools\PowerShell.Generic.Tools.pssproj", "{37B57550-2A45-4BEE-82D9-CF0BF3FDB043}"
EndProject
Global
	GlobalSection(SolutionConfigurationPlatforms) = preSolution
		Debug|Any CPU = Debug|Any CPU
		Release|Any CPU = Release|Any CPU
	EndGlobalSection
	GlobalSection(ProjectConfigurationPlatforms) = postSolution
		{6CAFC0C6-A428-4D30-A9F9-700E829FEA51}.Debug|Any CPU.ActiveCfg = Debug|Any CPU
		{6CAFC0C6-A428-4D30-A9F9-700E829FEA51}.Debug|Any CPU.Build.0 = Debug|Any CPU
		{6CAFC0C6-A428-4D30-A9F9-700E829FEA51}.Release|Any CPU.ActiveCfg = Release|Any CPU
		{6CAFC0C6-A428-4D30-A9F9-700E829FEA51}.Release|Any CPU.Build.0 = Release|Any CPU
		{2DCAD787-C91A-45F0-8E9D-2238C3924A35}.Debug|Any CPU.ActiveCfg = Debug|Any CPU
		{2DCAD787-C91A-45F0-8E9D-2238C3924A35}.Debug|Any CPU.Build.0 = Debug|Any CPU
		{2DCAD787-C91A-45F0-8E9D-2238C3924A35}.Release|Any CPU.ActiveCfg = Release|Any CPU
		{2DCAD787-C91A-45F0-8E9D-2238C3924A35}.Release|Any CPU.Build.0 = Release|Any CPU
		{B8A12F14-2BDF-4A34-8ADB-FE8C8559AB37}.Debug|Any CPU.ActiveCfg = Debug|Any CPU
		{B8A12F14-2BDF-4A34-8ADB-FE8C8559AB37}.Debug|Any CPU.Build.0 = Debug|Any CPU
		{B8A12F14-2BDF-4A34-8ADB-FE8C8559AB37}.Release|Any CPU.ActiveCfg = Release|Any CPU
		{B8A12F14-2BDF-4A34-8ADB-FE8C8559AB37}.Release|Any CPU.Build.0 = Release|Any CPU
		{C8D0AD1E-8BE0-4D23-8FE8-A9F7FB4A4EBF}.Debug|Any CPU.ActiveCfg = Debug|Any CPU
		{C8D0AD1E-8BE0-4D23-8FE8-A9F7FB4A4EBF}.Debug|Any CPU.Build.0 = Debug|Any CPU
		{C8D0AD1E-8BE0-4D23-8FE8-A9F7FB4A4EBF}.Release|Any CPU.ActiveCfg = Release|Any CPU
		{C8D0AD1E-8BE0-4D23-8FE8-A9F7FB4A4EBF}.Release|Any CPU.Build.0 = Release|Any CPU
		{37B57550-2A45-4BEE-82D9-CF0BF3FDB043}.Debug|Any CPU.ActiveCfg = Debug|Any CPU
		{37B57550-2A45-4BEE-82D9-CF0BF3FDB043}.Debug|Any CPU.Build.0 = Debug|Any CPU
		{37B57550-2A45-4BEE-82D9-CF0BF3FDB043}.Release|Any CPU.ActiveCfg = Release|Any CPU
		{37B57550-2A45-4BEE-82D9-CF0BF3FDB043}.Release|Any CPU.Build.0 = Release|Any CPU
	EndGlobalSection
	GlobalSection(SolutionProperties) = preSolution
		HideSolutionNode = FALSE
	EndGlobalSection
	GlobalSection(ExtensibilityGlobals) = postSolution
		SolutionGuid = {0F5F9D70-3C94-4FFA-91C0-E8CEC0D9765F}
	EndGlobalSection
EndGlobal
